
Microsoft Visual Studio Solution File, Format Version 12.00
# Visual Studio Version 16
VisualStudioVersion = 16.0.30907.101
MinimumVisualStudioVersion = 10.0.40219.1
Project("{FAE04EC0-301F-11D3-BF4B-00C04F79EFBC}") = "Books", "Books\Books.csproj", "{13E76E29-C82B-46E0-9A40-716AC08C2664}"
EndProject
Global
	GlobalSection(SolutionConfigurationPlatforms) = preSolution
		Debug|Any CPU = Debug|Any CPU
		Release|Any CPU = Release|Any CPU
	EndGlobalSection
	GlobalSection(ProjectConfigurationPlatforms) = postSolution
		{13E76E29-C82B-46E0-9A40-716AC08C2664}.Debug|Any CPU.ActiveCfg = Debug|Any CPU
		{13E76E29-C82B-46E0-9A40-716AC08C2664}.Debug|Any CPU.Build.0 = Debug|Any CPU
		{13E76E29-C82B-46E0-9A40-716AC08C2664}.Release|Any CPU.ActiveCfg = Release|Any CPU
		{13E76E29-C82B-46E0-9A40-716AC08C2664}.Release|Any CPU.Build.0 = Release|Any CPU
	EndGlobalSection
	GlobalSection(SolutionProperties) = preSolution
		HideSolutionNode = FALSE
	EndGlobalSection
	GlobalSection(ExtensibilityGlobals) = postSolution
		SolutionGuid = {650311DC-A901-4E85-BC1B-347A6E9446B3}
	EndGlobalSection
EndGlobal
